
Microsoft Visual Studio Solution File, Format Version 12.00
# Visual Studio 15
VisualStudioVersion = 15.0.27703.2042
MinimumVisualStudioVersion = 10.0.40219.1
Project("{FAE04EC0-301F-11D3-BF4B-00C04F79EFBC}") = "MeetUp", "MeetUp\MeetUp.csproj", "{F788B02A-AC60-42F8-B28F-8075DCE838C1}"
EndProject
Project("{FAE04EC0-301F-11D3-BF4B-00C04F79EFBC}") = "MeetUp.Entites", "MeetUp.Entites\MeetUp.Entites.csproj", "{3DB342A3-2955-429D-B971-697D23D951D0}"
EndProject
Global
	GlobalSection(SolutionConfigurationPlatforms) = preSolution
		Debug|Any CPU = Debug|Any CPU
		Release|Any CPU = Release|Any CPU
	EndGlobalSection
	GlobalSection(ProjectConfigurationPlatforms) = postSolution
		{F788B02A-AC60-42F8-B28F-8075DCE838C1}.Debug|Any CPU.ActiveCfg = Debug|Any CPU
		{F788B02A-AC60-42F8-B28F-8075DCE838C1}.Debug|Any CPU.Build.0 = Debug|Any CPU
		{F788B02A-AC60-42F8-B28F-8075DCE838C1}.Release|Any CPU.ActiveCfg = Release|Any CPU
		{F788B02A-AC60-42F8-B28F-8075DCE838C1}.Release|Any CPU.Build.0 = Release|Any CPU
		{3DB342A3-2955-429D-B971-697D23D951D0}.Debug|Any CPU.ActiveCfg = Debug|Any CPU
		{3DB342A3-2955-429D-B971-697D23D951D0}.Debug|Any CPU.Build.0 = Debug|Any CPU
		{3DB342A3-2955-429D-B971-697D23D951D0}.Release|Any CPU.ActiveCfg = Release|Any CPU
		{3DB342A3-2955-429D-B971-697D23D951D0}.Release|Any CPU.Build.0 = Release|Any CPU
	EndGlobalSection
	GlobalSection(SolutionProperties) = preSolution
		HideSolutionNode = FALSE
	EndGlobalSection
	GlobalSection(ExtensibilityGlobals) = postSolution
		SolutionGuid = {AB00A9E0-D13F-4CDE-8E49-077A9D6E6F52}
	EndGlobalSection
EndGlobal
